{
  "name": "coinex.com",
  "version": "1.1.2",
  "lockfileVersion": 2,
  "requires": true,
  "packages": {
    "": {
      "name": "coinex.com",
      "version": "1.1.2",
      "license": "GPL-3.0",
      "dependencies": {
        "bent": "github:CliffS/bent",
        "md5.js": "^1.3.5"
      },
      "devDependencies": {
        "coffeescript": "^2.6.1"
      }
    },
    "node_modules/bent": {
      "version": "0.0.0-dev",
      "resolved": "git+ssh://git@github.com/CliffS/bent.git#67b5a25a127544e15fa41f29f85baa691f57c2a0",
      "license": "Apache-2.0",
      "dependencies": {
        "bytesish": "^0.4.1",
        "caseless": "~0.12.0",
        "follow-redirects": "^1.14.5",
        "is-stream": "^2.0.0"
      }
    },
    "node_modules/bytesish": {
      "version": "0.4.4",
      "resolved": "https://registry.npmjs.org/bytesish/-/bytesish-0.4.4.tgz",
      "integrity": "sha512-i4uu6M4zuMUiyfZN4RU2+i9+peJh//pXhd9x1oSe1LBkZ3LEbCoygu8W0bXTukU1Jme2txKuotpCZRaC3FLxcQ=="
    },
    "node_modules/caseless": {
      "version": "0.12.0",
      "resolved": "https://registry.npmjs.org/caseless/-/caseless-0.12.0.tgz",
      "integrity": "sha1-G2gcIf+EAzyCZUMJBolCDRhxUdw="
    },
    "node_modules/coffeescript": {
      "version": "2.6.1",
      "resolved": "https://registry.npmjs.org/coffeescript/-/coffeescript-2.6.1.tgz",
      "integrity": "sha512-GG5nkF93qII8HmHqnnibkgpp/SV7PSnSPiWsbinwya7nNOe95aE/x2xrKZJFks8Qpko3TNrC+/LahaKgrz5YCg==",
      "dev": true,
      "bin": {
        "cake": "bin/cake",
        "coffee": "bin/coffee"
      },
      "engines": {
        "node": ">=6"
      }
    },
    "node_modules/follow-redirects": {
      "version": "1.14.5",
      "resolved": "https://registry.npmjs.org/follow-redirects/-/follow-redirects-1.14.5.tgz",
      "integrity": "sha512-wtphSXy7d4/OR+MvIFbCVBDzZ5520qV8XfPklSN5QtxuMUJZ+b0Wnst1e1lCDocfzuCkHqj8k0FpZqO+UIaKNA==",
      "funding": [
        {
          "type": "individual",
          "url": "https://github.com/sponsors/RubenVerborgh"
        }
      ],
      "engines": {
        "node": ">=4.0"
      },
      "peerDependenciesMeta": {
        "debug": {
          "optional": true
        }
      }
    },
    "node_modules/hash-base": {
      "version": "3.0.4",
      "resolved": "https://registry.npmjs.org/hash-base/-/hash-base-3.0.4.tgz",
      "integrity": "sha1-X8hoaEfs1zSZQDMZprCj8/auSRg=",
      "dependencies": {
        "inherits": "^2.0.1",
        "safe-buffer": "^5.0.1"
      },
      "engines": {
        "node": ">=4"
      }
    },
    "node_modules/inherits": {
      "version": "2.0.3",
      "resolved": "https://registry.npmjs.org/inherits/-/inherits-2.0.3.tgz",
      "integrity": "sha1-Yzwsg+PaQqUC9SRmAiSA9CCCYd4="
    },
    "node_modules/is-stream": {
      "version": "2.0.1",
      "resolved": "https://registry.npmjs.org/is-stream/-/is-stream-2.0.1.tgz",
      "integrity": "sha512-hFoiJiTl63nn+kstHGBtewWSKnQLpyb155KHheA1l39uvtO9nWIop1p3udqPcUd/xbF1VLMO4n7OI6p7RbngDg==",
      "engines": {
        "node": ">=8"
      },
      "funding": {
        "url": "https://github.com/sponsors/sindresorhus"
      }
    },
    "node_modules/md5.js": {
      "version": "1.3.5",
      "resolved": "https://registry.npmjs.org/md5.js/-/md5.js-1.3.5.tgz",
      "integrity": "sha512-xitP+WxNPcTTOgnTJcrhM0xvdPepipPSf3I8EIpGKeFLjt3PlJLIDG3u8EX53ZIubkb+5U2+3rELYpEhHhzdkg==",
      "dependencies": {
        "hash-base": "^3.0.0",
        "inherits": "^2.0.1",
        "safe-buffer": "^5.1.2"
      }
    },
    "node_modules/safe-buffer": {
      "version": "5.1.2",
      "resolved": "https://registry.npmjs.org/safe-buffer/-/safe-buffer-5.1.2.tgz",
      "integrity": "sha512-Gd2UZBJDkXlY7GbJxfsE8/nvKkUEU1G38c1siN6QP6a9PT9MmHB8GnpscSmMJSoF8LOIrt8ud/wPtojys4G6+g=="
    }
  },
  "dependencies": {
    "bent": {
      "version": "git+ssh://git@github.com/CliffS/bent.git#67b5a25a127544e15fa41f29f85baa691f57c2a0",
      "from": "bent@github:CliffS/bent",
      "requires": {
        "bytesish": "^0.4.1",
        "caseless": "~0.12.0",
        "follow-redirects": "^1.14.5",
        "is-stream": "^2.0.0"
      }
    },
    "bytesish": {
      "version": "0.4.4",
      "resolved": "https://registry.npmjs.org/bytesish/-/bytesish-0.4.4.tgz",
      "integrity": "sha512-i4uu6M4zuMUiyfZN4RU2+i9+peJh//pXhd9x1oSe1LBkZ3LEbCoygu8W0bXTukU1Jme2txKuotpCZRaC3FLxcQ=="
    },
    "caseless": {
      "version": "0.12.0",
      "resolved": "https://registry.npmjs.org/caseless/-/caseless-0.12.0.tgz",
      "integrity": "sha1-G2gcIf+EAzyCZUMJBolCDRhxUdw="
    },
    "coffeescript": {
      "version": "2.6.1",
      "resolved": "https://registry.npmjs.org/coffeescript/-/coffeescript-2.6.1.tgz",
      "integrity": "sha512-GG5nkF93qII8HmHqnnibkgpp/SV7PSnSPiWsbinwya7nNOe95aE/x2xrKZJFks8Qpko3TNrC+/LahaKgrz5YCg==",
      "dev": true
    },
    "follow-redirects": {
      "version": "1.14.5",
      "resolved": "https://registry.npmjs.org/follow-redirects/-/follow-redirects-1.14.5.tgz",
      "integrity": "sha512-wtphSXy7d4/OR+MvIFbCVBDzZ5520qV8XfPklSN5QtxuMUJZ+b0Wnst1e1lCDocfzuCkHqj8k0FpZqO+UIaKNA=="
    },
    "hash-base": {
      "version": "3.0.4",
      "resolved": "https://registry.npmjs.org/hash-base/-/hash-base-3.0.4.tgz",
      "integrity": "sha1-X8hoaEfs1zSZQDMZprCj8/auSRg=",
      "requires": {
        "inherits": "^2.0.1",
        "safe-buffer": "^5.0.1"
      }
    },
    "inherits": {
      "version": "2.0.3",
      "resolved": "https://registry.npmjs.org/inherits/-/inherits-2.0.3.tgz",
      "integrity": "sha1-Yzwsg+PaQqUC9SRmAiSA9CCCYd4="
    },
    "is-stream": {
      "version": "2.0.1",
      "resolved": "https://registry.npmjs.org/is-stream/-/is-stream-2.0.1.tgz",
      "integrity": "sha512-hFoiJiTl63nn+kstHGBtewWSKnQLpyb155KHheA1l39uvtO9nWIop1p3udqPcUd/xbF1VLMO4n7OI6p7RbngDg=="
    },
    "md5.js": {
      "version": "1.3.5",
      "resolved": "https://registry.npmjs.org/md5.js/-/md5.js-1.3.5.tgz",
      "integrity": "sha512-xitP+WxNPcTTOgnTJcrhM0xvdPepipPSf3I8EIpGKeFLjt3PlJLIDG3u8EX53ZIubkb+5U2+3rELYpEhHhzdkg==",
      "requires": {
        "hash-base": "^3.0.0",
        "inherits": "^2.0.1",
        "safe-buffer": "^5.1.2"
      }
    },
    "safe-buffer": {
      "version": "5.1.2",
      "resolved": "https://registry.npmjs.org/safe-buffer/-/safe-buffer-5.1.2.tgz",
      "integrity": "sha512-Gd2UZBJDkXlY7GbJxfsE8/nvKkUEU1G38c1siN6QP6a9PT9MmHB8GnpscSmMJSoF8LOIrt8ud/wPtojys4G6+g=="
    }
  }
}
